
Microsoft Visual Studio Solution File, Format Version 12.00
# Visual Studio Version 17
VisualStudioVersion = 17.14.36301.6 d17.14
MinimumVisualStudioVersion = 10.0.40219.1
Project("{FAE04EC0-301F-11D3-BF4B-00C04F79EFBC}") = "TicTacToe", "TicTacToe\TicTacToe.csproj", "{B7B89F8B-B08C-4CD5-B3CE-AAB69C161419}"
EndProject
Global
	GlobalSection(SolutionConfigurationPlatforms) = preSolution
		Debug|Any CPU = Debug|Any CPU
		Release|Any CPU = Release|Any CPU
	EndGlobalSection
	GlobalSection(ProjectConfigurationPlatforms) = postSolution
		{B7B89F8B-B08C-4CD5-B3CE-AAB69C161419}.Debug|Any CPU.ActiveCfg = Debug|Any CPU
		{B7B89F8B-B08C-4CD5-B3CE-AAB69C161419}.Debug|Any CPU.Build.0 = Debug|Any CPU
		{B7B89F8B-B08C-4CD5-B3CE-AAB69C161419}.Release|Any CPU.ActiveCfg = Release|Any CPU
		{B7B89F8B-B08C-4CD5-B3CE-AAB69C161419}.Release|Any CPU.Build.0 = Release|Any CPU
	EndGlobalSection
	GlobalSection(SolutionProperties) = preSolution
		HideSolutionNode = FALSE
	EndGlobalSection
	GlobalSection(ExtensibilityGlobals) = postSolution
		SolutionGuid = {D235E881-291A-4C6C-9783-E695B1077DB4}
	EndGlobalSection
EndGlobal
