
Microsoft Visual Studio Solution File, Format Version 12.00
# Visual Studio Version 17
VisualStudioVersion = 17.14.36301.6 d17.14
MinimumVisualStudioVersion = 10.0.40219.1
Project("{FAE04EC0-301F-11D3-BF4B-00C04F79EFBC}") = "Class2", "Class2\Class2.csproj", "{811B8705-31DA-49D4-8F88-F5D6B3314D96}"
EndProject
Global
	GlobalSection(SolutionConfigurationPlatforms) = preSolution
		Debug|Any CPU = Debug|Any CPU
		Release|Any CPU = Release|Any CPU
	EndGlobalSection
	GlobalSection(ProjectConfigurationPlatforms) = postSolution
		{811B8705-31DA-49D4-8F88-F5D6B3314D96}.Debug|Any CPU.ActiveCfg = Debug|Any CPU
		{811B8705-31DA-49D4-8F88-F5D6B3314D96}.Debug|Any CPU.Build.0 = Debug|Any CPU
		{811B8705-31DA-49D4-8F88-F5D6B3314D96}.Release|Any CPU.ActiveCfg = Release|Any CPU
		{811B8705-31DA-49D4-8F88-F5D6B3314D96}.Release|Any CPU.Build.0 = Release|Any CPU
	EndGlobalSection
	GlobalSection(SolutionProperties) = preSolution
		HideSolutionNode = FALSE
	EndGlobalSection
	GlobalSection(ExtensibilityGlobals) = postSolution
		SolutionGuid = {D9E6FFBE-5CDE-4015-89CC-99E96772A089}
	EndGlobalSection
EndGlobal
