
Microsoft Visual Studio Solution File, Format Version 12.00
# Visual Studio Version 17
VisualStudioVersion = 17.14.36301.6 d17.14
MinimumVisualStudioVersion = 10.0.40219.1
Project("{FAE04EC0-301F-11D3-BF4B-00C04F79EFBC}") = "GUIDEMO", "GUIDEMO\GUIDEMO.csproj", "{890EDCA9-D533-4BD1-930B-D55761E77322}"
EndProject
Global
	GlobalSection(SolutionConfigurationPlatforms) = preSolution
		Debug|Any CPU = Debug|Any CPU
		Release|Any CPU = Release|Any CPU
	EndGlobalSection
	GlobalSection(ProjectConfigurationPlatforms) = postSolution
		{890EDCA9-D533-4BD1-930B-D55761E77322}.Debug|Any CPU.ActiveCfg = Debug|Any CPU
		{890EDCA9-D533-4BD1-930B-D55761E77322}.Debug|Any CPU.Build.0 = Debug|Any CPU
		{890EDCA9-D533-4BD1-930B-D55761E77322}.Release|Any CPU.ActiveCfg = Release|Any CPU
		{890EDCA9-D533-4BD1-930B-D55761E77322}.Release|Any CPU.Build.0 = Release|Any CPU
	EndGlobalSection
	GlobalSection(SolutionProperties) = preSolution
		HideSolutionNode = FALSE
	EndGlobalSection
	GlobalSection(ExtensibilityGlobals) = postSolution
		SolutionGuid = {DEF6E0F0-9AA0-465E-9307-5841AB1822A5}
	EndGlobalSection
EndGlobal
